
Microsoft Visual Studio Solution File, Format Version 12.00
# Visual Studio 2013
VisualStudioVersion = 12.0.31101.0
MinimumVisualStudioVersion = 10.0.40219.1
Project("{8BC9CEB8-8B4A-11D0-8D11-00A0C91BC942}") = "ch01", "ch01\ch01.vcxproj", "{C75F6C54-5ECE-44EC-9AAE-3E8D216D801E}"
EndProject
Project("{8BC9CEB8-8B4A-11D0-8D11-00A0C91BC942}") = "ch02", "ch02\ch02.vcxproj", "{67DB88AA-AC2C-4064-8244-4B8899DFBF76}"
EndProject
Project("{8BC9CEB8-8B4A-11D0-8D11-00A0C91BC942}") = "ch02_random_walk_simulation", "ch02_random_walk_simulation\ch02_random_walk_simulation.vcxproj", "{029AE88F-8C66-442A-A5D9-F4FFC56CBF77}"
EndProject
Project("{8BC9CEB8-8B4A-11D0-8D11-00A0C91BC942}") = "ch02_knight_tour_problem", "ch02_knight_tour_problem\ch02_knight_tour_problem.vcxproj", "{3192B967-A344-4115-A1AD-A00F87D08723}"
EndProject
Project("{8BC9CEB8-8B4A-11D0-8D11-00A0C91BC942}") = "ch03", "ch03\ch03.vcxproj", "{0A7BB77A-8231-441C-96AC-FC6CA17E8EE4}"
EndProject
Project("{8BC9CEB8-8B4A-11D0-8D11-00A0C91BC942}") = "ch04", "ch04\ch04.vcxproj", "{31244E2A-87E8-4A27-9164-D2DCA030670D}"
EndProject
Global
	GlobalSection(SolutionConfigurationPlatforms) = preSolution
		Debug|Win32 = Debug|Win32
		Release|Win32 = Release|Win32
	EndGlobalSection
	GlobalSection(ProjectConfigurationPlatforms) = postSolution
		{C75F6C54-5ECE-44EC-9AAE-3E8D216D801E}.Debug|Win32.ActiveCfg = Debug|Win32
		{C75F6C54-5ECE-44EC-9AAE-3E8D216D801E}.Debug|Win32.Build.0 = Debug|Win32
		{C75F6C54-5ECE-44EC-9AAE-3E8D216D801E}.Release|Win32.ActiveCfg = Release|Win32
		{C75F6C54-5ECE-44EC-9AAE-3E8D216D801E}.Release|Win32.Build.0 = Release|Win32
		{67DB88AA-AC2C-4064-8244-4B8899DFBF76}.Debug|Win32.ActiveCfg = Debug|Win32
		{67DB88AA-AC2C-4064-8244-4B8899DFBF76}.Debug|Win32.Build.0 = Debug|Win32
		{67DB88AA-AC2C-4064-8244-4B8899DFBF76}.Release|Win32.ActiveCfg = Release|Win32
		{67DB88AA-AC2C-4064-8244-4B8899DFBF76}.Release|Win32.Build.0 = Release|Win32
		{029AE88F-8C66-442A-A5D9-F4FFC56CBF77}.Debug|Win32.ActiveCfg = Debug|Win32
		{029AE88F-8C66-442A-A5D9-F4FFC56CBF77}.Debug|Win32.Build.0 = Debug|Win32
		{029AE88F-8C66-442A-A5D9-F4FFC56CBF77}.Release|Win32.ActiveCfg = Release|Win32
		{029AE88F-8C66-442A-A5D9-F4FFC56CBF77}.Release|Win32.Build.0 = Release|Win32
		{3192B967-A344-4115-A1AD-A00F87D08723}.Debug|Win32.ActiveCfg = Debug|Win32
		{3192B967-A344-4115-A1AD-A00F87D08723}.Debug|Win32.Build.0 = Debug|Win32
		{3192B967-A344-4115-A1AD-A00F87D08723}.Release|Win32.ActiveCfg = Release|Win32
		{3192B967-A344-4115-A1AD-A00F87D08723}.Release|Win32.Build.0 = Release|Win32
		{0A7BB77A-8231-441C-96AC-FC6CA17E8EE4}.Debug|Win32.ActiveCfg = Debug|Win32
		{0A7BB77A-8231-441C-96AC-FC6CA17E8EE4}.Debug|Win32.Build.0 = Debug|Win32
		{0A7BB77A-8231-441C-96AC-FC6CA17E8EE4}.Release|Win32.ActiveCfg = Release|Win32
		{0A7BB77A-8231-441C-96AC-FC6CA17E8EE4}.Release|Win32.Build.0 = Release|Win32
		{31244E2A-87E8-4A27-9164-D2DCA030670D}.Debug|Win32.ActiveCfg = Debug|Win32
		{31244E2A-87E8-4A27-9164-D2DCA030670D}.Debug|Win32.Build.0 = Debug|Win32
		{31244E2A-87E8-4A27-9164-D2DCA030670D}.Release|Win32.ActiveCfg = Release|Win32
		{31244E2A-87E8-4A27-9164-D2DCA030670D}.Release|Win32.Build.0 = Release|Win32
	EndGlobalSection
	GlobalSection(SolutionProperties) = preSolution
		HideSolutionNode = FALSE
	EndGlobalSection
EndGlobal
