<?xml version="1.0" encoding="utf-8"?>
<Project ToolsVersion="4.0" xmlns="http://schemas.microsoft.com/developer/msbuild/2003">
  <ItemGroup>
    <Filter Include="Source Files">
      <UniqueIdentifier>{4FC737F1-C7A5-4376-A066-2A32D752A2FF}</UniqueIdentifier>
      <Extensions>cpp;c;cc;cxx;def;odl;idl;hpj;bat;asm;asmx</Extensions>
    </Filter>
    <Filter Include="Header Files">
      <UniqueIdentifier>{93995380-89BD-4b04-88EB-625FBE52EBFB}</UniqueIdentifier>
      <Extensions>h;hh;hpp;hxx;hm;inl;inc;xsd</Extensions>
    </Filter>
    <Filter Include="Resource Files">
      <UniqueIdentifier>{67DA6AB6-F800-4c08-8B7A-83BB121AAD01}</UniqueIdentifier>
      <Extensions>rc;ico;cur;bmp;dlg;rc2;rct;bin;rgs;gif;jpg;jpeg;jpe;resx;tiff;tif;png;wav;mfcribbon-ms</Extensions>
    </Filter>
    <Filter Include="TestCase">
      <UniqueIdentifier>{76af3a7c-bdca-4bf3-aecc-972f6386d339}</UniqueIdentifier>
    </Filter>
    <Filter Include="Examples">
      <UniqueIdentifier>{1cbe739d-98ad-4612-a2c0-9a54ab6d1742}</UniqueIdentifier>
    </Filter>
    <Filter Include="Exercises">
      <UniqueIdentifier>{fb299d6e-d823-40c4-a57f-b4aab7e75748}</UniqueIdentifier>
    </Filter>
  </ItemGroup>
  <ItemGroup>
    <Text Include="ReadMe.txt" />
  </ItemGroup>
  <ItemGroup>
    <ClInclude Include="stdafx.h">
      <Filter>Header Files</Filter>
    </ClInclude>
    <ClInclude Include="targetver.h">
      <Filter>Header Files</Filter>
    </ClInclude>
    <ClInclude Include="poly.h">
      <Filter>Examples</Filter>
    </ClInclude>
    <ClInclude Include="sparse_matrix.h">
      <Filter>Examples</Filter>
    </ClInclude>
    <ClInclude Include="ch02_string.h">
      <Filter>Examples</Filter>
    </ClInclude>
    <ClInclude Include="complex_quadratic.h">
      <Filter>Exercises</Filter>
    </ClInclude>
  </ItemGroup>
  <ItemGroup>
    <ClCompile Include="stdafx.cpp">
      <Filter>Source Files</Filter>
    </ClCompile>
    <ClCompile Include="main.cpp">
      <Filter>Source Files</Filter>
    </ClCompile>
    <ClCompile Include="poly.cpp">
      <Filter>Examples</Filter>
    </ClCompile>
    <ClCompile Include="sparse_matrix.cpp">
      <Filter>Examples</Filter>
    </ClCompile>
    <ClCompile Include="ch02_string.cpp">
      <Filter>Examples</Filter>
    </ClCompile>
    <ClCompile Include="complex_quadratic.cpp">
      <Filter>Exercises</Filter>
    </ClCompile>
    <ClCompile Include="ch02_example_test.cpp">
      <Filter>TestCase</Filter>
    </ClCompile>
    <ClCompile Include="complex_quadratic_test.cpp">
      <Filter>TestCase</Filter>
    </ClCompile>
  </ItemGroup>
</Project>